// !$*UTF8*$!
{
	archiveVersion = 1;
	classes = {
	};
	objectVersion = 56;
	objects = {

/* Begin PBXBuildFile section */
		EF0EB8862B867A38009EE278 /* HarboursApp.swift in Sources */ = {isa = PBXBuildFile; fileRef = EF0EB8852B867A38009EE278 /* HarboursApp.swift */; };
		EF0EB8882B867A38009EE278 /* ContentView.swift in Sources */ = {isa = PBXBuildFile; fileRef = EF0EB8872B867A38009EE278 /* ContentView.swift */; };
		EF0EB88A2B867A3F009EE278 /* Assets.xcassets in Resources */ = {isa = PBXBuildFile; fileRef = EF0EB8892B867A3F009EE278 /* Assets.xcassets */; };
		EF0EB88D2B867A3F009EE278 /* Preview Assets.xcassets in Resources */ = {isa = PBXBuildFile; fileRef = EF0EB88C2B867A3F009EE278 /* Preview Assets.xcassets */; };
		EF0EB8972B867A3F009EE278 /* HarboursTests.swift in Sources */ = {isa = PBXBuildFile; fileRef = EF0EB8962B867A3F009EE278 /* HarboursTests.swift */; };
		EF0EB8A12B867A3F009EE278 /* HarboursUITests.swift in Sources */ = {isa = PBXBuildFile; fileRef = EF0EB8A02B867A3F009EE278 /* HarboursUITests.swift */; };
		EF0EB8A32B867A3F009EE278 /* HarboursUITestsLaunchTests.swift in Sources */ = {isa = PBXBuildFile; fileRef = EF0EB8A22B867A3F009EE278 /* HarboursUITestsLaunchTests.swift */; };
		EF0EB8B02B878718009EE278 /* contentViewModel.swift in Sources */ = {isa = PBXBuildFile; fileRef = EF0EB8AF2B878718009EE278 /* contentViewModel.swift */; };
		EF0EB8B22B878924009EE278 /* Constants.swift in Sources */ = {isa = PBXBuildFile; fileRef = EF0EB8B12B878924009EE278 /* Constants.swift */; };
/* End PBXBuildFile section */

/* Begin PBXContainerItemProxy section */
		EF0EB8932B867A3F009EE278 /* PBXContainerItemProxy */ = {
			isa = PBXContainerItemProxy;
			containerPortal = EF0EB87A2B867A38009EE278 /* Project object */;
			proxyType = 1;
			remoteGlobalIDString = EF0EB8812B867A38009EE278;
			remoteInfo = Harbours;
		};
		EF0EB89D2B867A3F009EE278 /* PBXContainerItemProxy */ = {
			isa = PBXContainerItemProxy;
			containerPortal = EF0EB87A2B867A38009EE278 /* Project object */;
			proxyType = 1;
			remoteGlobalIDString = EF0EB8812B867A38009EE278;
			remoteInfo = Harbours;
		};
/* End PBXContainerItemProxy section */

/* Begin PBXFileReference section */
		EF0EB8822B867A38009EE278 /* Harbours.app */ = {isa = PBXFileReference; explicitFileType = wrapper.application; includeInIndex = 0; path = Harbours.app; sourceTree = BUILT_PRODUCTS_DIR; };
		EF0EB8852B867A38009EE278 /* HarboursApp.swift */ = {isa = PBXFileReference; lastKnownFileType = sourcecode.swift; path = HarboursApp.swift; sourceTree = "<group>"; };
		EF0EB8872B867A38009EE278 /* ContentView.swift */ = {isa = PBXFileReference; lastKnownFileType = sourcecode.swift; path = ContentView.swift; sourceTree = "<group>"; };
		EF0EB8892B867A3F009EE278 /* Assets.xcassets */ = {isa = PBXFileReference; lastKnownFileType = folder.assetcatalog; path = Assets.xcassets; sourceTree = "<group>"; };
		EF0EB88C2B867A3F009EE278 /* Preview Assets.xcassets */ = {isa = PBXFileReference; lastKnownFileType = folder.assetcatalog; path = "Preview Assets.xcassets"; sourceTree = "<group>"; };
		EF0EB8922B867A3F009EE278 /* HarboursTests.xctest */ = {isa = PBXFileReference; explicitFileType = wrapper.cfbundle; includeInIndex = 0; path = HarboursTests.xctest; sourceTree = BUILT_PRODUCTS_DIR; };
		EF0EB8962B867A3F009EE278 /* HarboursTests.swift */ = {isa = PBXFileReference; lastKnownFileType = sourcecode.swift; path = HarboursTests.swift; sourceTree = "<group>"; };
		EF0EB89C2B867A3F009EE278 /* HarboursUITests.xctest */ = {isa = PBXFileReference; explicitFileType = wrapper.cfbundle; includeInIndex = 0; path = HarboursUITests.xctest; sourceTree = BUILT_PRODUCTS_DIR; };
		EF0EB8A02B867A3F009EE278 /* HarboursUITests.swift */ = {isa = PBXFileReference; lastKnownFileType = sourcecode.swift; path = HarboursUITests.swift; sourceTree = "<group>"; };
		EF0EB8A22B867A3F009EE278 /* HarboursUITestsLaunchTests.swift */ = {isa = PBXFileReference; lastKnownFileType = sourcecode.swift; path = HarboursUITestsLaunchTests.swift; sourceTree = "<group>"; };
		EF0EB8AF2B878718009EE278 /* contentViewModel.swift */ = {isa = PBXFileReference; lastKnownFileType = sourcecode.swift; path = contentViewModel.swift; sourceTree = "<group>"; };
		EF0EB8B12B878924009EE278 /* Constants.swift */ = {isa = PBXFileReference; lastKnownFileType = sourcecode.swift; path = Constants.swift; sourceTree = "<group>"; };
/* End PBXFileReference section */

/* Begin PBXFrameworksBuildPhase section */
		EF0EB87F2B867A38009EE278 /* Frameworks */ = {
			isa = PBXFrameworksBuildPhase;
			buildActionMask = 2147483647;
			files = (
			);
			runOnlyForDeploymentPostprocessing = 0;
		};
		EF0EB88F2B867A3F009EE278 /* Frameworks */ = {
			isa = PBXFrameworksBuildPhase;
			buildActionMask = 2147483647;
			files = (
			);
			runOnlyForDeploymentPostprocessing = 0;
		};
		EF0EB8992B867A3F009EE278 /* Frameworks */ = {
			isa = PBXFrameworksBuildPhase;
			buildActionMask = 2147483647;
			files = (
			);
			runOnlyForDeploymentPostprocessing = 0;
		};
/* End PBXFrameworksBuildPhase section */

/* Begin PBXGroup section */
		EF0EB8792B867A38009EE278 = {
			isa = PBXGroup;
			children = (
				EF0EB8842B867A38009EE278 /* Harbours */,
				EF0EB8952B867A3F009EE278 /* HarboursTests */,
				EF0EB89F2B867A3F009EE278 /* HarboursUITests */,
				EF0EB8832B867A38009EE278 /* Products */,
			);
			sourceTree = "<group>";
		};
		EF0EB8832B867A38009EE278 /* Products */ = {
			isa = PBXGroup;
			children = (
				EF0EB8822B867A38009EE278 /* Harbours.app */,
				EF0EB8922B867A3F009EE278 /* HarboursTests.xctest */,
				EF0EB89C2B867A3F009EE278 /* HarboursUITests.xctest */,
			);
			name = Products;
			sourceTree = "<group>";
		};
		EF0EB8842B867A38009EE278 /* Harbours */ = {
			isa = PBXGroup;
			children = (
				EF0EB8852B867A38009EE278 /* HarboursApp.swift */,
				EF0EB8872B867A38009EE278 /* ContentView.swift */,
				EF0EB8AF2B878718009EE278 /* contentViewModel.swift */,
				EF0EB8892B867A3F009EE278 /* Assets.xcassets */,
				EF0EB88B2B867A3F009EE278 /* Preview Content */,
				EF0EB8B12B878924009EE278 /* Constants.swift */,
			);
			path = Harbours;
			sourceTree = "<group>";
		};
		EF0EB88B2B867A3F009EE278 /* Preview Content */ = {
			isa = PBXGroup;
			children = (
				EF0EB88C2B867A3F009EE278 /* Preview Assets.xcassets */,
			);
			path = "Preview Content";
			sourceTree = "<group>";
		};
		EF0EB8952B867A3F009EE278 /* HarboursTests */ = {
			isa = PBXGroup;
			children = (
				EF0EB8962B867A3F009EE278 /* HarboursTests.swift */,
			);
			path = HarboursTests;
			sourceTree = "<group>";
		};
		EF0EB89F2B867A3F009EE278 /* HarboursUITests */ = {
			isa = PBXGroup;
			children = (
				EF0EB8A02B867A3F009EE278 /* HarboursUITests.swift */,
				EF0EB8A22B867A3F009EE278 /* HarboursUITestsLaunchTests.swift */,
			);
			path = HarboursUITests;
			sourceTree = "<group>";
		};
/* End PBXGroup section */

/* Begin PBXNativeTarget section */
		EF0EB8812B867A38009EE278 /* Harbours */ = {
			isa = PBXNativeTarget;
			buildConfigurationList = EF0EB8A62B867A3F009EE278 /* Build configuration list for PBXNativeTarget "Harbours" */;
			buildPhases = (
				EF0EB87E2B867A38009EE278 /* Sources */,
				EF0EB87F2B867A38009EE278 /* Frameworks */,
				EF0EB8802B867A38009EE278 /* Resources */,
			);
			buildRules = (
			);
			dependencies = (
			);
			name = Harbours;
			productName = Harbours;
			productReference = EF0EB8822B867A38009EE278 /* Harbours.app */;
			productType = "com.apple.product-type.application";
		};
		EF0EB8912B867A3F009EE278 /* HarboursTests */ = {
			isa = PBXNativeTarget;
			buildConfigurationList = EF0EB8A92B867A3F009EE278 /* Build configuration list for PBXNativeTarget "HarboursTests" */;
			buildPhases = (
				EF0EB88E2B867A3F009EE278 /* Sources */,
				EF0EB88F2B867A3F009EE278 /* Frameworks */,
				EF0EB8902B867A3F009EE278 /* Resources */,
			);
			buildRules = (
			);
			dependencies = (
				EF0EB8942B867A3F009EE278 /* PBXTargetDependency */,
			);
			name = HarboursTests;
			productName = HarboursTests;
			productReference = EF0EB8922B867A3F009EE278 /* HarboursTests.xctest */;
			productType = "com.apple.product-type.bundle.unit-test";
		};
		EF0EB89B2B867A3F009EE278 /* HarboursUITests */ = {
			isa = PBXNativeTarget;
			buildConfigurationList = EF0EB8AC2B867A3F009EE278 /* Build configuration list for PBXNativeTarget "HarboursUITests" */;
			buildPhases = (
				EF0EB8982B867A3F009EE278 /* Sources */,
				EF0EB8992B867A3F009EE278 /* Frameworks */,
				EF0EB89A2B867A3F009EE278 /* Resources */,
			);
			buildRules = (
			);
			dependencies = (
				EF0EB89E2B867A3F009EE278 /* PBXTargetDependency */,
			);
			name = HarboursUITests;
			productName = HarboursUITests;
			productReference = EF0EB89C2B867A3F009EE278 /* HarboursUITests.xctest */;
			productType = "com.apple.product-type.bundle.ui-testing";
		};
/* End PBXNativeTarget section */

/* Begin PBXProject section */
		EF0EB87A2B867A38009EE278 /* Project object */ = {
			isa = PBXProject;
			attributes = {
				BuildIndependentTargetsInParallel = 1;
				LastSwiftUpdateCheck = 1510;
				LastUpgradeCheck = 1510;
				TargetAttributes = {
					EF0EB8812B867A38009EE278 = {
						CreatedOnToolsVersion = 15.1;
					};
					EF0EB8912B867A3F009EE278 = {
						CreatedOnToolsVersion = 15.1;
						TestTargetID = EF0EB8812B867A38009EE278;
					};
					EF0EB89B2B867A3F009EE278 = {
						CreatedOnToolsVersion = 15.1;
						TestTargetID = EF0EB8812B867A38009EE278;
					};
				};
			};
			buildConfigurationList = EF0EB87D2B867A38009EE278 /* Build configuration list for PBXProject "Harbours" */;
			compatibilityVersion = "Xcode 14.0";
			developmentRegion = en;
			hasScannedForEncodings = 0;
			knownRegions = (
				en,
				Base,
			);
			mainGroup = EF0EB8792B867A38009EE278;
			productRefGroup = EF0EB8832B867A38009EE278 /* Products */;
			projectDirPath = "";
			projectRoot = "";
			targets = (
				EF0EB8812B867A38009EE278 /* Harbours */,
				EF0EB8912B867A3F009EE278 /* HarboursTests */,
				EF0EB89B2B867A3F009EE278 /* HarboursUITests */,
			);
		};
/* End PBXProject section */

/* Begin PBXResourcesBuildPhase section */
		EF0EB8802B867A38009EE278 /* Resources */ = {
			isa = PBXResourcesBuildPhase;
			buildActionMask = 2147483647;
			files = (
				EF0EB88D2B867A3F009EE278 /* Preview Assets.xcassets in Resources */,
				EF0EB88A2B867A3F009EE278 /* Assets.xcassets in Resources */,
			);
			runOnlyForDeploymentPostprocessing = 0;
		};
		EF0EB8902B867A3F009EE278 /* Resources */ = {
			isa = PBXResourcesBuildPhase;
			buildActionMask = 2147483647;
			files = (
			);
			runOnlyForDeploymentPostprocessing = 0;
		};
		EF0EB89A2B867A3F009EE278 /* Resources */ = {
			isa = PBXResourcesBuildPhase;
			buildActionMask = 2147483647;
			files = (
			);
			runOnlyForDeploymentPostprocessing = 0;
		};
/* End PBXResourcesBuildPhase section */

/* Begin PBXSourcesBuildPhase section */
		EF0EB87E2B867A38009EE278 /* Sources */ = {
			isa = PBXSourcesBuildPhase;
			buildActionMask = 2147483647;
			files = (
				EF0EB8882B867A38009EE278 /* ContentView.swift in Sources */,
				EF0EB8862B867A38009EE278 /* HarboursApp.swift in Sources */,
				EF0EB8B02B878718009EE278 /* contentViewModel.swift in Sources */,
				EF0EB8B22B878924009EE278 /* Constants.swift in Sources */,
			);
			runOnlyForDeploymentPostprocessing = 0;
		};
		EF0EB88E2B867A3F009EE278 /* Sources */ = {
			isa = PBXSourcesBuildPhase;
			buildActionMask = 2147483647;
			files = (
				EF0EB8972B867A3F009EE278 /* HarboursTests.swift in Sources */,
			);
			runOnlyForDeploymentPostprocessing = 0;
		};
		EF0EB8982B867A3F009EE278 /* Sources */ = {
			isa = PBXSourcesBuildPhase;
			buildActionMask = 2147483647;
			files = (
				EF0EB8A32B867A3F009EE278 /* HarboursUITestsLaunchTests.swift in Sources */,
				EF0EB8A12B867A3F009EE278 /* HarboursUITests.swift in Sources */,
			);
			runOnlyForDeploymentPostprocessing = 0;
		};
/* End PBXSourcesBuildPhase section */

/* Begin PBXTargetDependency section */
		EF0EB8942B867A3F009EE278 /* PBXTargetDependency */ = {
			isa = PBXTargetDependency;
			target = EF0EB8812B867A38009EE278 /* Harbours */;
			targetProxy = EF0EB8932B867A3F009EE278 /* PBXContainerItemProxy */;
		};
		EF0EB89E2B867A3F009EE278 /* PBXTargetDependency */ = {
			isa = PBXTargetDependency;
			target = EF0EB8812B867A38009EE278 /* Harbours */;
			targetProxy = EF0EB89D2B867A3F009EE278 /* PBXContainerItemProxy */;
		};
/* End PBXTargetDependency section */

/* Begin XCBuildConfiguration section */
		EF0EB8A42B867A3F009EE278 /* Debug */ = {
			isa = XCBuildConfiguration;
			buildSettings = {
				ALWAYS_SEARCH_USER_PATHS = NO;
				ASSETCATALOG_COMPILER_GENERATE_SWIFT_ASSET_SYMBOL_EXTENSIONS = YES;
				CLANG_ANALYZER_NONNULL = YES;
				CLANG_ANALYZER_NUMBER_OBJECT_CONVERSION = YES_AGGRESSIVE;
				CLANG_CXX_LANGUAGE_STANDARD = "gnu++20";
				CLANG_ENABLE_MODULES = YES;
				CLANG_ENABLE_OBJC_ARC = YES;
				CLANG_ENABLE_OBJC_WEAK = YES;
				CLANG_WARN_BLOCK_CAPTURE_AUTORELEASING = YES;
				CLANG_WARN_BOOL_CONVERSION = YES;
				CLANG_WARN_COMMA = YES;
				CLANG_WARN_CONSTANT_CONVERSION = YES;
				CLANG_WARN_DEPRECATED_OBJC_IMPLEMENTATIONS = YES;
				CLANG_WARN_DIRECT_OBJC_ISA_USAGE = YES_ERROR;
				CLANG_WARN_DOCUMENTATION_COMMENTS = YES;
				CLANG_WARN_EMPTY_BODY = YES;
				CLANG_WARN_ENUM_CONVERSION = YES;
				CLANG_WARN_INFINITE_RECURSION = YES;
				CLANG_WARN_INT_CONVERSION = YES;
				CLANG_WARN_NON_LITERAL_NULL_CONVERSION = YES;
				CLANG_WARN_OBJC_IMPLICIT_RETAIN_SELF = YES;
				CLANG_WARN_OBJC_LITERAL_CONVERSION = YES;
				CLANG_WARN_OBJC_ROOT_CLASS = YES_ERROR;
				CLANG_WARN_QUOTED_INCLUDE_IN_FRAMEWORK_HEADER = YES;
				CLANG_WARN_RANGE_LOOP_ANALYSIS = YES;
				CLANG_WARN_STRICT_PROTOTYPES = YES;
				CLANG_WARN_SUSPICIOUS_MOVE = YES;
				CLANG_WARN_UNGUARDED_AVAILABILITY = YES_AGGRESSIVE;
				CLANG_WARN_UNREACHABLE_CODE = YES;
				CLANG_WARN__DUPLICATE_METHOD_MATCH = YES;
				COPY_PHASE_STRIP = NO;
				DEBUG_INFORMATION_FORMAT = dwarf;
				ENABLE_STRICT_OBJC_MSGSEND = YES;
				ENABLE_TESTABILITY = YES;
				ENABLE_USER_SCRIPT_SANDBOXING = YES;
				GCC_C_LANGUAGE_STANDARD = gnu17;
				GCC_DYNAMIC_NO_PIC = NO;
				GCC_NO_COMMON_BLOCKS = YES;
				GCC_OPTIMIZATION_LEVEL = 0;
				GCC_PREPROCESSOR_DEFINITIONS = (
					"DEBUG=1",
					"$(inherited)",
				);
				GCC_WARN_64_TO_32_BIT_CONVERSION = YES;
				GCC_WARN_ABOUT_RETURN_TYPE = YES_ERROR;
				GCC_WARN_UNDECLARED_SELECTOR = YES;
				GCC_WARN_UNINITIALIZED_AUTOS = YES_AGGRESSIVE;
				GCC_WARN_UNUSED_FUNCTION = YES;
				GCC_WARN_UNUSED_VARIABLE = YES;
				IPHONEOS_DEPLOYMENT_TARGET = 16.0;
				LOCALIZATION_PREFERS_STRING_CATALOGS = YES;
				MTL_ENABLE_DEBUG_INFO = INCLUDE_SOURCE;
				MTL_FAST_MATH = YES;
				ONLY_ACTIVE_ARCH = YES;
				SDKROOT = iphoneos;
				SWIFT_ACTIVE_COMPILATION_CONDITIONS = "DEBUG $(inherited)";
				SWIFT_OPTIMIZATION_LEVEL = "-Onone";
			};
			name = Debug;
		};
		EF0EB8A52B867A3F009EE278 /* Release */ = {
			isa = XCBuildConfiguration;
			buildSettings = {
				ALWAYS_SEARCH_USER_PATHS = NO;
				ASSETCATALOG_COMPILER_GENERATE_SWIFT_ASSET_SYMBOL_EXTENSIONS = YES;
				CLANG_ANALYZER_NONNULL = YES;
				CLANG_ANALYZER_NUMBER_OBJECT_CONVERSION = YES_AGGRESSIVE;
				CLANG_CXX_LANGUAGE_STANDARD = "gnu++20";
				CLANG_ENABLE_MODULES = YES;
				CLANG_ENABLE_OBJC_ARC = YES;
				CLANG_ENABLE_OBJC_WEAK = YES;
				CLANG_WARN_BLOCK_CAPTURE_AUTORELEASING = YES;
				CLANG_WARN_BOOL_CONVERSION = YES;
				CLANG_WARN_COMMA = YES;
				CLANG_WARN_CONSTANT_CONVERSION = YES;
				CLANG_WARN_DEPRECATED_OBJC_IMPLEMENTATIONS = YES;
				CLANG_WARN_DIRECT_OBJC_ISA_USAGE = YES_ERROR;
				CLANG_WARN_DOCUMENTATION_COMMENTS = YES;
				CLANG_WARN_EMPTY_BODY = YES;
				CLANG_WARN_ENUM_CONVERSION = YES;
				CLANG_WARN_INFINITE_RECURSION = YES;
				CLANG_WARN_INT_CONVERSION = YES;
				CLANG_WARN_NON_LITERAL_NULL_CONVERSION = YES;
				CLANG_WARN_OBJC_IMPLICIT_RETAIN_SELF = YES;
				CLANG_WARN_OBJC_LITERAL_CONVERSION = YES;
				CLANG_WARN_OBJC_ROOT_CLASS = YES_ERROR;
				CLANG_WARN_QUOTED_INCLUDE_IN_FRAMEWORK_HEADER = YES;
				CLANG_WARN_RANGE_LOOP_ANALYSIS = YES;
				CLANG_WARN_STRICT_PROTOTYPES = YES;
				CLANG_WARN_SUSPICIOUS_MOVE = YES;
				CLANG_WARN_UNGUARDED_AVAILABILITY = YES_AGGRESSIVE;
				CLANG_WARN_UNREACHABLE_CODE = YES;
				CLANG_WARN__DUPLICATE_METHOD_MATCH = YES;
				COPY_PHASE_STRIP = NO;
				DEBUG_INFORMATION_FORMAT = "dwarf-with-dsym";
				ENABLE_NS_ASSERTIONS = NO;
				ENABLE_STRICT_OBJC_MSGSEND = YES;
				ENABLE_USER_SCRIPT_SANDBOXING = YES;
				GCC_C_LANGUAGE_STANDARD = gnu17;
				GCC_NO_COMMON_BLOCKS = YES;
				GCC_WARN_64_TO_32_BIT_CONVERSION = YES;
				GCC_WARN_ABOUT_RETURN_TYPE = YES_ERROR;
				GCC_WARN_UNDECLARED_SELECTOR = YES;
				GCC_WARN_UNINITIALIZED_AUTOS = YES_AGGRESSIVE;
				GCC_WARN_UNUSED_FUNCTION = YES;
				GCC_WARN_UNUSED_VARIABLE = YES;
				IPHONEOS_DEPLOYMENT_TARGET = 16.0;
				LOCALIZATION_PREFERS_STRING_CATALOGS = YES;
				MTL_ENABLE_DEBUG_INFO = NO;
				MTL_FAST_MATH = YES;
				SDKROOT = iphoneos;
				SWIFT_COMPILATION_MODE = wholemodule;
				VALIDATE_PRODUCT = YES;
			};
			name = Release;
		};
		EF0EB8A72B867A3F009EE278 /* Debug */ = {
			isa = XCBuildConfiguration;
			buildSettings = {
				ASSETCATALOG_COMPILER_APPICON_NAME = AppIcon;
				ASSETCATALOG_COMPILER_GLOBAL_ACCENT_COLOR_NAME = AccentColor;
				CODE_SIGN_STYLE = Automatic;
				CURRENT_PROJECT_VERSION = 1;
				DEVELOPMENT_ASSET_PATHS = "\"Harbours/Preview Content\"";
				DEVELOPMENT_TEAM = BM54VDV37Y;
				ENABLE_PREVIEWS = YES;
				GENERATE_INFOPLIST_FILE = YES;
				INFOPLIST_KEY_UIApplicationSceneManifest_Generation = YES;
				INFOPLIST_KEY_UIApplicationSupportsIndirectInputEvents = YES;
				INFOPLIST_KEY_UILaunchScreen_Generation = YES;
				INFOPLIST_KEY_UISupportedInterfaceOrientations_iPad = "UIInterfaceOrientationPortrait UIInterfaceOrientationPortraitUpsideDown UIInterfaceOrientationLandscapeLeft UIInterfaceOrientationLandscapeRight";
				INFOPLIST_KEY_UISupportedInterfaceOrientations_iPhone = "UIInterfaceOrientationPortrait UIInterfaceOrientationLandscapeLeft UIInterfaceOrientationLandscapeRight";
				IPHONEOS_DEPLOYMENT_TARGET = 16.0;
				LD_RUNPATH_SEARCH_PATHS = (
					"$(inherited)",
					"@executable_path/Frameworks",
				);
				MARKETING_VERSION = 1.0;
				PRODUCT_BUNDLE_IDENTIFIER = com.vineelgolla.Harbours;
				PRODUCT_NAME = "$(TARGET_NAME)";
				SWIFT_EMIT_LOC_STRINGS = YES;
				SWIFT_VERSION = 5.0;
				TARGETED_DEVICE_FAMILY = "1,2";
			};
			name = Debug;
		};
		EF0EB8A82B867A3F009EE278 /* Release */ = {
			isa = XCBuildConfiguration;
			buildSettings = {
				ASSETCATALOG_COMPILER_APPICON_NAME = AppIcon;
				ASSETCATALOG_COMPILER_GLOBAL_ACCENT_COLOR_NAME = AccentColor;
				CODE_SIGN_STYLE = Automatic;
				CURRENT_PROJECT_VERSION = 1;
				DEVELOPMENT_ASSET_PATHS = "\"Harbours/Preview Content\"";
				DEVELOPMENT_TEAM = BM54VDV37Y;
				ENABLE_PREVIEWS = YES;
				GENERATE_INFOPLIST_FILE = YES;
				INFOPLIST_KEY_UIApplicationSceneManifest_Generation = YES;
				INFOPLIST_KEY_UIApplicationSupportsIndirectInputEvents = YES;
				INFOPLIST_KEY_UILaunchScreen_Generation = YES;
				INFOPLIST_KEY_UISupportedInterfaceOrientations_iPad = "UIInterfaceOrientationPortrait UIInterfaceOrientationPortraitUpsideDown UIInterfaceOrientationLandscapeLeft UIInterfaceOrientationLandscapeRight";
				INFOPLIST_KEY_UISupportedInterfaceOrientations_iPhone = "UIInterfaceOrientationPortrait UIInterfaceOrientationLandscapeLeft UIInterfaceOrientationLandscapeRight";
				IPHONEOS_DEPLOYMENT_TARGET = 16.0;
				LD_RUNPATH_SEARCH_PATHS = (
					"$(inherited)",
					"@executable_path/Frameworks",
				);
				MARKETING_VERSION = 1.0;
				PRODUCT_BUNDLE_IDENTIFIER = com.vineelgolla.Harbours;
				PRODUCT_NAME = "$(TARGET_NAME)";
				SWIFT_EMIT_LOC_STRINGS = YES;
				SWIFT_VERSION = 5.0;
				TARGETED_DEVICE_FAMILY = "1,2";
			};
			name = Release;
		};
		EF0EB8AA2B867A3F009EE278 /* Debug */ = {
			isa = XCBuildConfiguration;
			buildSettings = {
				ALWAYS_EMBED_SWIFT_STANDARD_LIBRARIES = YES;
				BUNDLE_LOADER = "$(TEST_HOST)";
				CODE_SIGN_STYLE = Automatic;
				CURRENT_PROJECT_VERSION = 1;
				DEVELOPMENT_TEAM = BM54VDV37Y;
				GENERATE_INFOPLIST_FILE = YES;
				IPHONEOS_DEPLOYMENT_TARGET = 17.2;
				MARKETING_VERSION = 1.0;
				PRODUCT_BUNDLE_IDENTIFIER = com.vineelgolla.HarboursTests;
				PRODUCT_NAME = "$(TARGET_NAME)";
				SWIFT_EMIT_LOC_STRINGS = NO;
				SWIFT_VERSION = 5.0;
				TARGETED_DEVICE_FAMILY = "1,2";
				TEST_HOST = "$(BUILT_PRODUCTS_DIR)/Harbours.app/$(BUNDLE_EXECUTABLE_FOLDER_PATH)/Harbours";
			};
			name = Debug;
		};
		EF0EB8AB2B867A3F009EE278 /* Release */ = {
			isa = XCBuildConfiguration;
			buildSettings = {
				ALWAYS_EMBED_SWIFT_STANDARD_LIBRARIES = YES;
				BUNDLE_LOADER = "$(TEST_HOST)";
				CODE_SIGN_STYLE = Automatic;
				CURRENT_PROJECT_VERSION = 1;
				DEVELOPMENT_TEAM = BM54VDV37Y;
				GENERATE_INFOPLIST_FILE = YES;
				IPHONEOS_DEPLOYMENT_TARGET = 17.2;
				MARKETING_VERSION = 1.0;
				PRODUCT_BUNDLE_IDENTIFIER = com.vineelgolla.HarboursTests;
				PRODUCT_NAME = "$(TARGET_NAME)";
				SWIFT_EMIT_LOC_STRINGS = NO;
				SWIFT_VERSION = 5.0;
				TARGETED_DEVICE_FAMILY = "1,2";
				TEST_HOST = "$(BUILT_PRODUCTS_DIR)/Harbours.app/$(BUNDLE_EXECUTABLE_FOLDER_PATH)/Harbours";
			};
			name = Release;
		};
		EF0EB8AD2B867A3F009EE278 /* Debug */ = {
			isa = XCBuildConfiguration;
			buildSettings = {
				ALWAYS_EMBED_SWIFT_STANDARD_LIBRARIES = YES;
				CODE_SIGN_STYLE = Automatic;
				CURRENT_PROJECT_VERSION = 1;
				DEVELOPMENT_TEAM = BM54VDV37Y;
				GENERATE_INFOPLIST_FILE = YES;
				MARKETING_VERSION = 1.0;
				PRODUCT_BUNDLE_IDENTIFIER = com.vineelgolla.HarboursUITests;
				PRODUCT_NAME = "$(TARGET_NAME)";
				SWIFT_EMIT_LOC_STRINGS = NO;
				SWIFT_VERSION = 5.0;
				TARGETED_DEVICE_FAMILY = "1,2";
				TEST_TARGET_NAME = Harbours;
			};
			name = Debug;
		};
		EF0EB8AE2B867A3F009EE278 /* Release */ = {
			isa = XCBuildConfiguration;
			buildSettings = {
				ALWAYS_EMBED_SWIFT_STANDARD_LIBRARIES = YES;
				CODE_SIGN_STYLE = Automatic;
				CURRENT_PROJECT_VERSION = 1;
				DEVELOPMENT_TEAM = BM54VDV37Y;
				GENERATE_INFOPLIST_FILE = YES;
				MARKETING_VERSION = 1.0;
				PRODUCT_BUNDLE_IDENTIFIER = com.vineelgolla.HarboursUITests;
				PRODUCT_NAME = "$(TARGET_NAME)";
				SWIFT_EMIT_LOC_STRINGS = NO;
				SWIFT_VERSION = 5.0;
				TARGETED_DEVICE_FAMILY = "1,2";
				TEST_TARGET_NAME = Harbours;
			};
			name = Release;
		};
/* End XCBuildConfiguration section */

/* Begin XCConfigurationList section */
		EF0EB87D2B867A38009EE278 /* Build configuration list for PBXProject "Harbours" */ = {
			isa = XCConfigurationList;
			buildConfigurations = (
				EF0EB8A42B867A3F009EE278 /* Debug */,
				EF0EB8A52B867A3F009EE278 /* Release */,
			);
			defaultConfigurationIsVisible = 0;
			defaultConfigurationName = Release;
		};
		EF0EB8A62B867A3F009EE278 /* Build configuration list for PBXNativeTarget "Harbours" */ = {
			isa = XCConfigurationList;
			buildConfigurations = (
				EF0EB8A72B867A3F009EE278 /* Debug */,
				EF0EB8A82B867A3F009EE278 /* Release */,
			);
			defaultConfigurationIsVisible = 0;
			defaultConfigurationName = Release;
		};
		EF0EB8A92B867A3F009EE278 /* Build configuration list for PBXNativeTarget "HarboursTests" */ = {
			isa = XCConfigurationList;
			buildConfigurations = (
				EF0EB8AA2B867A3F009EE278 /* Debug */,
				EF0EB8AB2B867A3F009EE278 /* Release */,
			);
			defaultConfigurationIsVisible = 0;
			defaultConfigurationName = Release;
		};
		EF0EB8AC2B867A3F009EE278 /* Build configuration list for PBXNativeTarget "HarboursUITests" */ = {
			isa = XCConfigurationList;
			buildConfigurations = (
				EF0EB8AD2B867A3F009EE278 /* Debug */,
				EF0EB8AE2B867A3F009EE278 /* Release */,
			);
			defaultConfigurationIsVisible = 0;
			defaultConfigurationName = Release;
		};
/* End XCConfigurationList section */
	};
	rootObject = EF0EB87A2B867A38009EE278 /* Project object */;
}
